
Microsoft Visual Studio Solution File, Format Version 12.00
# Visual Studio 15
VisualStudioVersion = 15.0.26730.8
MinimumVisualStudioVersion = 10.0.40219.1
Project("{FAE04EC0-301F-11D3-BF4B-00C04F79EFBC}") = "Práctica Bits y Bytes", "Práctica Bits y Bytes\Práctica Bits y Bytes.csproj", "{998BCD6F-5397-4B6A-B21E-768A5DBAF8AA}"
EndProject
Global
	GlobalSection(SolutionConfigurationPlatforms) = preSolution
		Debug|Any CPU = Debug|Any CPU
		Release|Any CPU = Release|Any CPU
	EndGlobalSection
	GlobalSection(ProjectConfigurationPlatforms) = postSolution
		{998BCD6F-5397-4B6A-B21E-768A5DBAF8AA}.Debug|Any CPU.ActiveCfg = Debug|Any CPU
		{998BCD6F-5397-4B6A-B21E-768A5DBAF8AA}.Debug|Any CPU.Build.0 = Debug|Any CPU
		{998BCD6F-5397-4B6A-B21E-768A5DBAF8AA}.Release|Any CPU.ActiveCfg = Release|Any CPU
		{998BCD6F-5397-4B6A-B21E-768A5DBAF8AA}.Release|Any CPU.Build.0 = Release|Any CPU
	EndGlobalSection
	GlobalSection(SolutionProperties) = preSolution
		HideSolutionNode = FALSE
	EndGlobalSection
	GlobalSection(ExtensibilityGlobals) = postSolution
		SolutionGuid = {E9F09B94-CF25-4FB3-93F6-EB9A3A2647A4}
	EndGlobalSection
EndGlobal
